
Microsoft Visual Studio Solution File, Format Version 12.00
# Visual Studio Version 17
VisualStudioVersion = 17.2.32505.173
MinimumVisualStudioVersion = 10.0.40219.1
Project("{2150E333-8FDC-42A3-9474-1A3956D46DE8}") = "src", "src", "{D5AD58A4-CE3A-455C-A71D-7C31D9FBCB61}"
EndProject
Project("{2150E333-8FDC-42A3-9474-1A3956D46DE8}") = "01_Introduccion", "01_Introduccion", "{DC074104-E90E-40F9-AB17-B7D4FE30651D}"
	ProjectSection(SolutionItems) = preProject
		01_Introduccion\CLI-NET6.md = 01_Introduccion\CLI-NET6.md
		01_Introduccion\NET6.md = 01_Introduccion\NET6.md
		01_Introduccion\Preparacion de ambiente NET.md = 01_Introduccion\Preparacion de ambiente NET.md
	EndProjectSection
EndProject
Project("{2150E333-8FDC-42A3-9474-1A3956D46DE8}") = "02_POO", "02_POO", "{6B15CC2D-CA52-4468-9608-9DDA88F6740D}"
EndProject
Project("{2150E333-8FDC-42A3-9474-1A3956D46DE8}") = "03_LINQ", "03_LINQ", "{025CDEFE-BCCF-4AF7-9DA8-403114B253AA}"
EndProject
Project("{2150E333-8FDC-42A3-9474-1A3956D46DE8}") = "04_SOLID", "04_SOLID", "{64E7BDC2-EFE1-499F-904D-CC0B5EAED433}"
EndProject
Project("{2150E333-8FDC-42A3-9474-1A3956D46DE8}") = "05_PDD", "05_PDD", "{D45CA154-4A9A-4ECB-8C9C-593A978F14EE}"
EndProject
Project("{2150E333-8FDC-42A3-9474-1A3956D46DE8}") = "06_API", "06_API", "{88979F20-320E-4B95-8E35-C118C8FBAA9A}"
EndProject
Project("{2150E333-8FDC-42A3-9474-1A3956D46DE8}") = "docs", "docs", "{160BEDA8-A2CE-4579-84EE-22BD392A128C}"
	ProjectSection(SolutionItems) = preProject
		README.md = README.md
	EndProjectSection
EndProject
Project("{9A19103F-16F7-4668-BE54-9A1E7A4F7556}") = "aysconsultores.dotnet_poo", "02_POO\aysconsultores.dotnet_poo\aysconsultores.dotnet_poo.csproj", "{77147088-3441-4607-B804-05457B693112}"
EndProject
Project("{9A19103F-16F7-4668-BE54-9A1E7A4F7556}") = "aysconsultores.dotnet_linq", "03_LINQ\aysconsultores.dotnet_linq\aysconsultores.dotnet_linq.csproj", "{A928645E-7D42-4710-B50E-5C22EEBF0BC5}"
EndProject
Project("{2150E333-8FDC-42A3-9474-1A3956D46DE8}") = "linq", "linq", "{D4C5AF7E-10B9-4C41-886A-43286273B58E}"
	ProjectSection(SolutionItems) = preProject
		03_LINQ\Operadores_de_consulta.md = 03_LINQ\Operadores_de_consulta.md
	EndProjectSection
EndProject
Project("{9A19103F-16F7-4668-BE54-9A1E7A4F7556}") = "aysconsultores.dotnet_solid", "04_SOLID\aysconsultores.dotnet_solid\aysconsultores.dotnet_solid.csproj", "{3856A6CB-C6B2-443F-B9B9-6466F4C27ECC}"
EndProject
Project("{2150E333-8FDC-42A3-9474-1A3956D46DE8}") = "solid", "solid", "{6886B152-96F3-4F60-BE61-9D04A16C79DA}"
EndProject
Project("{2150E333-8FDC-42A3-9474-1A3956D46DE8}") = "pdd", "pdd", "{7A6EFA8D-DFB0-4F91-97F4-F8AECFFF087E}"
EndProject
Project("{2150E333-8FDC-42A3-9474-1A3956D46DE8}") = "api", "api", "{88AE8BD5-83CD-4BBD-A099-F89EC61E2241}"
EndProject
Project("{9A19103F-16F7-4668-BE54-9A1E7A4F7556}") = "aysconsultores.dotnet_pdd_repository", "05_PDD\aysconsultores.dotnet_pdd_repository\aysconsultores.dotnet_pdd_repository.csproj", "{9D2ECC85-CA1E-440E-8281-C80E44EE22E0}"
EndProject
Project("{FAE04EC0-301F-11D3-BF4B-00C04F79EFBC}") = "aysconsultores.dotnet_pdd_cqrs", "05_PDD\aysconsultores.dotnet_pdd_cqrs\aysconsultores.dotnet_pdd_cqrs.csproj", "{0D8CC18F-7466-4F08-A74B-827DA202380B}"
EndProject
Global
	GlobalSection(SolutionConfigurationPlatforms) = preSolution
		Debug|Any CPU = Debug|Any CPU
		Release|Any CPU = Release|Any CPU
	EndGlobalSection
	GlobalSection(ProjectConfigurationPlatforms) = postSolution
		{77147088-3441-4607-B804-05457B693112}.Debug|Any CPU.ActiveCfg = Debug|Any CPU
		{77147088-3441-4607-B804-05457B693112}.Debug|Any CPU.Build.0 = Debug|Any CPU
		{77147088-3441-4607-B804-05457B693112}.Release|Any CPU.ActiveCfg = Release|Any CPU
		{77147088-3441-4607-B804-05457B693112}.Release|Any CPU.Build.0 = Release|Any CPU
		{A928645E-7D42-4710-B50E-5C22EEBF0BC5}.Debug|Any CPU.ActiveCfg = Debug|Any CPU
		{A928645E-7D42-4710-B50E-5C22EEBF0BC5}.Debug|Any CPU.Build.0 = Debug|Any CPU
		{A928645E-7D42-4710-B50E-5C22EEBF0BC5}.Release|Any CPU.ActiveCfg = Release|Any CPU
		{A928645E-7D42-4710-B50E-5C22EEBF0BC5}.Release|Any CPU.Build.0 = Release|Any CPU
		{3856A6CB-C6B2-443F-B9B9-6466F4C27ECC}.Debug|Any CPU.ActiveCfg = Debug|Any CPU
		{3856A6CB-C6B2-443F-B9B9-6466F4C27ECC}.Debug|Any CPU.Build.0 = Debug|Any CPU
		{3856A6CB-C6B2-443F-B9B9-6466F4C27ECC}.Release|Any CPU.ActiveCfg = Release|Any CPU
		{3856A6CB-C6B2-443F-B9B9-6466F4C27ECC}.Release|Any CPU.Build.0 = Release|Any CPU
		{9D2ECC85-CA1E-440E-8281-C80E44EE22E0}.Debug|Any CPU.ActiveCfg = Debug|Any CPU
		{9D2ECC85-CA1E-440E-8281-C80E44EE22E0}.Debug|Any CPU.Build.0 = Debug|Any CPU
		{9D2ECC85-CA1E-440E-8281-C80E44EE22E0}.Release|Any CPU.ActiveCfg = Release|Any CPU
		{9D2ECC85-CA1E-440E-8281-C80E44EE22E0}.Release|Any CPU.Build.0 = Release|Any CPU
		{0D8CC18F-7466-4F08-A74B-827DA202380B}.Debug|Any CPU.ActiveCfg = Debug|Any CPU
		{0D8CC18F-7466-4F08-A74B-827DA202380B}.Debug|Any CPU.Build.0 = Debug|Any CPU
		{0D8CC18F-7466-4F08-A74B-827DA202380B}.Release|Any CPU.ActiveCfg = Release|Any CPU
		{0D8CC18F-7466-4F08-A74B-827DA202380B}.Release|Any CPU.Build.0 = Release|Any CPU
	EndGlobalSection
	GlobalSection(SolutionProperties) = preSolution
		HideSolutionNode = FALSE
	EndGlobalSection
	GlobalSection(NestedProjects) = preSolution
		{DC074104-E90E-40F9-AB17-B7D4FE30651D} = {D5AD58A4-CE3A-455C-A71D-7C31D9FBCB61}
		{6B15CC2D-CA52-4468-9608-9DDA88F6740D} = {D5AD58A4-CE3A-455C-A71D-7C31D9FBCB61}
		{025CDEFE-BCCF-4AF7-9DA8-403114B253AA} = {D5AD58A4-CE3A-455C-A71D-7C31D9FBCB61}
		{64E7BDC2-EFE1-499F-904D-CC0B5EAED433} = {D5AD58A4-CE3A-455C-A71D-7C31D9FBCB61}
		{D45CA154-4A9A-4ECB-8C9C-593A978F14EE} = {D5AD58A4-CE3A-455C-A71D-7C31D9FBCB61}
		{88979F20-320E-4B95-8E35-C118C8FBAA9A} = {D5AD58A4-CE3A-455C-A71D-7C31D9FBCB61}
		{77147088-3441-4607-B804-05457B693112} = {6B15CC2D-CA52-4468-9608-9DDA88F6740D}
		{A928645E-7D42-4710-B50E-5C22EEBF0BC5} = {025CDEFE-BCCF-4AF7-9DA8-403114B253AA}
		{D4C5AF7E-10B9-4C41-886A-43286273B58E} = {160BEDA8-A2CE-4579-84EE-22BD392A128C}
		{3856A6CB-C6B2-443F-B9B9-6466F4C27ECC} = {64E7BDC2-EFE1-499F-904D-CC0B5EAED433}
		{6886B152-96F3-4F60-BE61-9D04A16C79DA} = {160BEDA8-A2CE-4579-84EE-22BD392A128C}
		{7A6EFA8D-DFB0-4F91-97F4-F8AECFFF087E} = {160BEDA8-A2CE-4579-84EE-22BD392A128C}
		{88AE8BD5-83CD-4BBD-A099-F89EC61E2241} = {160BEDA8-A2CE-4579-84EE-22BD392A128C}
		{9D2ECC85-CA1E-440E-8281-C80E44EE22E0} = {D45CA154-4A9A-4ECB-8C9C-593A978F14EE}
		{0D8CC18F-7466-4F08-A74B-827DA202380B} = {D45CA154-4A9A-4ECB-8C9C-593A978F14EE}
	EndGlobalSection
	GlobalSection(ExtensibilityGlobals) = postSolution
		SolutionGuid = {A2A2470F-4E17-49E1-BE20-F2ED85DD0D13}
	EndGlobalSection
EndGlobal
